
Microsoft Visual Studio Solution File, Format Version 12.00
# Visual Studio 15
VisualStudioVersion = 15.0.26730.16
MinimumVisualStudioVersion = 10.0.40219.1
Project("{FAE04EC0-301F-11D3-BF4B-00C04F79EFBC}") = "SimpleLoginMvvm.Android", "SimpleLoginMvvm\SimpleLoginMvvm.Android\SimpleLoginMvvm.Android.csproj", "{5FCAEA7F-E97D-4505-A2B9-86BF4B66043B}"
EndProject
Project("{FAE04EC0-301F-11D3-BF4B-00C04F79EFBC}") = "SimpleLoginMvvm", "SimpleLoginMvvm\SimpleLoginMvvm\SimpleLoginMvvm.csproj", "{642B2150-D618-49C9-9C5C-80D2AF5A24F4}"
EndProject
Project("{FAE04EC0-301F-11D3-BF4B-00C04F79EFBC}") = "SimpleLoginMvvm.UWP", "SimpleLoginMvvm\SimpleLoginMvvm.UWP\SimpleLoginMvvm.UWP.csproj", "{4EFDD8D1-3378-4366-8E3C-F3C5AED619B7}"
EndProject
Project("{FAE04EC0-301F-11D3-BF4B-00C04F79EFBC}") = "SimpleLoginMvvm.iOS", "SimpleLoginMvvm\SimpleLoginMvvm.iOS\SimpleLoginMvvm.iOS.csproj", "{991EC9D2-1B9E-4088-A7FE-5D9694299C07}"
EndProject
Global
	GlobalSection(SolutionConfigurationPlatforms) = preSolution
		Ad-Hoc|Any CPU = Ad-Hoc|Any CPU
		Ad-Hoc|ARM = Ad-Hoc|ARM
		Ad-Hoc|iPhone = Ad-Hoc|iPhone
		Ad-Hoc|iPhoneSimulator = Ad-Hoc|iPhoneSimulator
		Ad-Hoc|x64 = Ad-Hoc|x64
		Ad-Hoc|x86 = Ad-Hoc|x86
		AppStore|Any CPU = AppStore|Any CPU
		AppStore|ARM = AppStore|ARM
		AppStore|iPhone = AppStore|iPhone
		AppStore|iPhoneSimulator = AppStore|iPhoneSimulator
		AppStore|x64 = AppStore|x64
		AppStore|x86 = AppStore|x86
		Debug|Any CPU = Debug|Any CPU
		Debug|ARM = Debug|ARM
		Debug|iPhone = Debug|iPhone
		Debug|iPhoneSimulator = Debug|iPhoneSimulator
		Debug|x64 = Debug|x64
		Debug|x86 = Debug|x86
		Release|Any CPU = Release|Any CPU
		Release|ARM = Release|ARM
		Release|iPhone = Release|iPhone
		Release|iPhoneSimulator = Release|iPhoneSimulator
		Release|x64 = Release|x64
		Release|x86 = Release|x86
	EndGlobalSection
	GlobalSection(ProjectConfigurationPlatforms) = postSolution
		{5FCAEA7F-E97D-4505-A2B9-86BF4B66043B}.Ad-Hoc|Any CPU.ActiveCfg = Release|Any CPU
		{5FCAEA7F-E97D-4505-A2B9-86BF4B66043B}.Ad-Hoc|Any CPU.Build.0 = Release|Any CPU
		{5FCAEA7F-E97D-4505-A2B9-86BF4B66043B}.Ad-Hoc|Any CPU.Deploy.0 = Release|Any CPU
		{5FCAEA7F-E97D-4505-A2B9-86BF4B66043B}.Ad-Hoc|ARM.ActiveCfg = Release|Any CPU
		{5FCAEA7F-E97D-4505-A2B9-86BF4B66043B}.Ad-Hoc|ARM.Build.0 = Release|Any CPU
		{5FCAEA7F-E97D-4505-A2B9-86BF4B66043B}.Ad-Hoc|ARM.Deploy.0 = Release|Any CPU
		{5FCAEA7F-E97D-4505-A2B9-86BF4B66043B}.Ad-Hoc|iPhone.ActiveCfg = Release|Any CPU
		{5FCAEA7F-E97D-4505-A2B9-86BF4B66043B}.Ad-Hoc|iPhone.Build.0 = Release|Any CPU
		{5FCAEA7F-E97D-4505-A2B9-86BF4B66043B}.Ad-Hoc|iPhone.Deploy.0 = Release|Any CPU
		{5FCAEA7F-E97D-4505-A2B9-86BF4B66043B}.Ad-Hoc|iPhoneSimulator.ActiveCfg = Release|Any CPU
		{5FCAEA7F-E97D-4505-A2B9-86BF4B66043B}.Ad-Hoc|iPhoneSimulator.Build.0 = Release|Any CPU
		{5FCAEA7F-E97D-4505-A2B9-86BF4B66043B}.Ad-Hoc|iPhoneSimulator.Deploy.0 = Release|Any CPU
		{5FCAEA7F-E97D-4505-A2B9-86BF4B66043B}.Ad-Hoc|x64.ActiveCfg = Release|Any CPU
		{5FCAEA7F-E97D-4505-A2B9-86BF4B66043B}.Ad-Hoc|x64.Build.0 = Release|Any CPU
		{5FCAEA7F-E97D-4505-A2B9-86BF4B66043B}.Ad-Hoc|x64.Deploy.0 = Release|Any CPU
		{5FCAEA7F-E97D-4505-A2B9-86BF4B66043B}.Ad-Hoc|x86.ActiveCfg = Release|Any CPU
		{5FCAEA7F-E97D-4505-A2B9-86BF4B66043B}.Ad-Hoc|x86.Build.0 = Release|Any CPU
		{5FCAEA7F-E97D-4505-A2B9-86BF4B66043B}.Ad-Hoc|x86.Deploy.0 = Release|Any CPU
		{5FCAEA7F-E97D-4505-A2B9-86BF4B66043B}.AppStore|Any CPU.ActiveCfg = Release|Any CPU
		{5FCAEA7F-E97D-4505-A2B9-86BF4B66043B}.AppStore|Any CPU.Build.0 = Release|Any CPU
		{5FCAEA7F-E97D-4505-A2B9-86BF4B66043B}.AppStore|Any CPU.Deploy.0 = Release|Any CPU
		{5FCAEA7F-E97D-4505-A2B9-86BF4B66043B}.AppStore|ARM.ActiveCfg = Release|Any CPU
		{5FCAEA7F-E97D-4505-A2B9-86BF4B66043B}.AppStore|ARM.Build.0 = Release|Any CPU
		{5FCAEA7F-E97D-4505-A2B9-86BF4B66043B}.AppStore|ARM.Deploy.0 = Release|Any CPU
		{5FCAEA7F-E97D-4505-A2B9-86BF4B66043B}.AppStore|iPhone.ActiveCfg = Release|Any CPU
		{5FCAEA7F-E97D-4505-A2B9-86BF4B66043B}.AppStore|iPhone.Build.0 = Release|Any CPU
		{5FCAEA7F-E97D-4505-A2B9-86BF4B66043B}.AppStore|iPhone.Deploy.0 = Release|Any CPU
		{5FCAEA7F-E97D-4505-A2B9-86BF4B66043B}.AppStore|iPhoneSimulator.ActiveCfg = Release|Any CPU
		{5FCAEA7F-E97D-4505-A2B9-86BF4B66043B}.AppStore|iPhoneSimulator.Build.0 = Release|Any CPU
		{5FCAEA7F-E97D-4505-A2B9-86BF4B66043B}.AppStore|iPhoneSimulator.Deploy.0 = Release|Any CPU
		{5FCAEA7F-E97D-4505-A2B9-86BF4B66043B}.AppStore|x64.ActiveCfg = Release|Any CPU
		{5FCAEA7F-E97D-4505-A2B9-86BF4B66043B}.AppStore|x64.Build.0 = Release|Any CPU
		{5FCAEA7F-E97D-4505-A2B9-86BF4B66043B}.AppStore|x64.Deploy.0 = Release|Any CPU
		{5FCAEA7F-E97D-4505-A2B9-86BF4B66043B}.AppStore|x86.ActiveCfg = Release|Any CPU
		{5FCAEA7F-E97D-4505-A2B9-86BF4B66043B}.AppStore|x86.Build.0 = Release|Any CPU
		{5FCAEA7F-E97D-4505-A2B9-86BF4B66043B}.AppStore|x86.Deploy.0 = Release|Any CPU
		{5FCAEA7F-E97D-4505-A2B9-86BF4B66043B}.Debug|Any CPU.ActiveCfg = Debug|Any CPU
		{5FCAEA7F-E97D-4505-A2B9-86BF4B66043B}.Debug|Any CPU.Build.0 = Debug|Any CPU
		{5FCAEA7F-E97D-4505-A2B9-86BF4B66043B}.Debug|Any CPU.Deploy.0 = Debug|Any CPU
		{5FCAEA7F-E97D-4505-A2B9-86BF4B66043B}.Debug|ARM.ActiveCfg = Debug|Any CPU
		{5FCAEA7F-E97D-4505-A2B9-86BF4B66043B}.Debug|ARM.Build.0 = Debug|Any CPU
		{5FCAEA7F-E97D-4505-A2B9-86BF4B66043B}.Debug|ARM.Deploy.0 = Debug|Any CPU
		{5FCAEA7F-E97D-4505-A2B9-86BF4B66043B}.Debug|iPhone.ActiveCfg = Debug|Any CPU
		{5FCAEA7F-E97D-4505-A2B9-86BF4B66043B}.Debug|iPhone.Build.0 = Debug|Any CPU
		{5FCAEA7F-E97D-4505-A2B9-86BF4B66043B}.Debug|iPhone.Deploy.0 = Debug|Any CPU
		{5FCAEA7F-E97D-4505-A2B9-86BF4B66043B}.Debug|iPhoneSimulator.ActiveCfg = Debug|Any CPU
		{5FCAEA7F-E97D-4505-A2B9-86BF4B66043B}.Debug|iPhoneSimulator.Build.0 = Debug|Any CPU
		{5FCAEA7F-E97D-4505-A2B9-86BF4B66043B}.Debug|iPhoneSimulator.Deploy.0 = Debug|Any CPU
		{5FCAEA7F-E97D-4505-A2B9-86BF4B66043B}.Debug|x64.ActiveCfg = Debug|Any CPU
		{5FCAEA7F-E97D-4505-A2B9-86BF4B66043B}.Debug|x64.Build.0 = Debug|Any CPU
		{5FCAEA7F-E97D-4505-A2B9-86BF4B66043B}.Debug|x64.Deploy.0 = Debug|Any CPU
		{5FCAEA7F-E97D-4505-A2B9-86BF4B66043B}.Debug|x86.ActiveCfg = Debug|Any CPU
		{5FCAEA7F-E97D-4505-A2B9-86BF4B66043B}.Debug|x86.Build.0 = Debug|Any CPU
		{5FCAEA7F-E97D-4505-A2B9-86BF4B66043B}.Debug|x86.Deploy.0 = Debug|Any CPU
		{5FCAEA7F-E97D-4505-A2B9-86BF4B66043B}.Release|Any CPU.ActiveCfg = Release|Any CPU
		{5FCAEA7F-E97D-4505-A2B9-86BF4B66043B}.Release|Any CPU.Build.0 = Release|Any CPU
		{5FCAEA7F-E97D-4505-A2B9-86BF4B66043B}.Release|Any CPU.Deploy.0 = Release|Any CPU
		{5FCAEA7F-E97D-4505-A2B9-86BF4B66043B}.Release|ARM.ActiveCfg = Release|Any CPU
		{5FCAEA7F-E97D-4505-A2B9-86BF4B66043B}.Release|ARM.Build.0 = Release|Any CPU
		{5FCAEA7F-E97D-4505-A2B9-86BF4B66043B}.Release|ARM.Deploy.0 = Release|Any CPU
		{5FCAEA7F-E97D-4505-A2B9-86BF4B66043B}.Release|iPhone.ActiveCfg = Release|Any CPU
		{5FCAEA7F-E97D-4505-A2B9-86BF4B66043B}.Release|iPhone.Build.0 = Release|Any CPU
		{5FCAEA7F-E97D-4505-A2B9-86BF4B66043B}.Release|iPhone.Deploy.0 = Release|Any CPU
		{5FCAEA7F-E97D-4505-A2B9-86BF4B66043B}.Release|iPhoneSimulator.ActiveCfg = Release|Any CPU
		{5FCAEA7F-E97D-4505-A2B9-86BF4B66043B}.Release|iPhoneSimulator.Build.0 = Release|Any CPU
		{5FCAEA7F-E97D-4505-A2B9-86BF4B66043B}.Release|iPhoneSimulator.Deploy.0 = Release|Any CPU
		{5FCAEA7F-E97D-4505-A2B9-86BF4B66043B}.Release|x64.ActiveCfg = Release|Any CPU
		{5FCAEA7F-E97D-4505-A2B9-86BF4B66043B}.Release|x64.Build.0 = Release|Any CPU
		{5FCAEA7F-E97D-4505-A2B9-86BF4B66043B}.Release|x64.Deploy.0 = Release|Any CPU
		{5FCAEA7F-E97D-4505-A2B9-86BF4B66043B}.Release|x86.ActiveCfg = Release|Any CPU
		{5FCAEA7F-E97D-4505-A2B9-86BF4B66043B}.Release|x86.Build.0 = Release|Any CPU
		{5FCAEA7F-E97D-4505-A2B9-86BF4B66043B}.Release|x86.Deploy.0 = Release|Any CPU
		{642B2150-D618-49C9-9C5C-80D2AF5A24F4}.Ad-Hoc|Any CPU.ActiveCfg = Release|Any CPU
		{642B2150-D618-49C9-9C5C-80D2AF5A24F4}.Ad-Hoc|Any CPU.Build.0 = Release|Any CPU
		{642B2150-D618-49C9-9C5C-80D2AF5A24F4}.Ad-Hoc|ARM.ActiveCfg = Release|Any CPU
		{642B2150-D618-49C9-9C5C-80D2AF5A24F4}.Ad-Hoc|ARM.Build.0 = Release|Any CPU
		{642B2150-D618-49C9-9C5C-80D2AF5A24F4}.Ad-Hoc|iPhone.ActiveCfg = Release|Any CPU
		{642B2150-D618-49C9-9C5C-80D2AF5A24F4}.Ad-Hoc|iPhone.Build.0 = Release|Any CPU
		{642B2150-D618-49C9-9C5C-80D2AF5A24F4}.Ad-Hoc|iPhoneSimulator.ActiveCfg = Release|Any CPU
		{642B2150-D618-49C9-9C5C-80D2AF5A24F4}.Ad-Hoc|iPhoneSimulator.Build.0 = Release|Any CPU
		{642B2150-D618-49C9-9C5C-80D2AF5A24F4}.Ad-Hoc|x64.ActiveCfg = Release|Any CPU
		{642B2150-D618-49C9-9C5C-80D2AF5A24F4}.Ad-Hoc|x64.Build.0 = Release|Any CPU
		{642B2150-D618-49C9-9C5C-80D2AF5A24F4}.Ad-Hoc|x86.ActiveCfg = Release|Any CPU
		{642B2150-D618-49C9-9C5C-80D2AF5A24F4}.Ad-Hoc|x86.Build.0 = Release|Any CPU
		{642B2150-D618-49C9-9C5C-80D2AF5A24F4}.AppStore|Any CPU.ActiveCfg = Release|Any CPU
		{642B2150-D618-49C9-9C5C-80D2AF5A24F4}.AppStore|Any CPU.Build.0 = Release|Any CPU
		{642B2150-D618-49C9-9C5C-80D2AF5A24F4}.AppStore|ARM.ActiveCfg = Release|Any CPU
		{642B2150-D618-49C9-9C5C-80D2AF5A24F4}.AppStore|ARM.Build.0 = Release|Any CPU
		{642B2150-D618-49C9-9C5C-80D2AF5A24F4}.AppStore|iPhone.ActiveCfg = Release|Any CPU
		{642B2150-D618-49C9-9C5C-80D2AF5A24F4}.AppStore|iPhone.Build.0 = Release|Any CPU
		{642B2150-D618-49C9-9C5C-80D2AF5A24F4}.AppStore|iPhoneSimulator.ActiveCfg = Release|Any CPU
		{642B2150-D618-49C9-9C5C-80D2AF5A24F4}.AppStore|iPhoneSimulator.Build.0 = Release|Any CPU
		{642B2150-D618-49C9-9C5C-80D2AF5A24F4}.AppStore|x64.ActiveCfg = Release|Any CPU
		{642B2150-D618-49C9-9C5C-80D2AF5A24F4}.AppStore|x64.Build.0 = Release|Any CPU
		{642B2150-D618-49C9-9C5C-80D2AF5A24F4}.AppStore|x86.ActiveCfg = Release|Any CPU
		{642B2150-D618-49C9-9C5C-80D2AF5A24F4}.AppStore|x86.Build.0 = Release|Any CPU
		{642B2150-D618-49C9-9C5C-80D2AF5A24F4}.Debug|Any CPU.ActiveCfg = Debug|Any CPU
		{642B2150-D618-49C9-9C5C-80D2AF5A24F4}.Debug|Any CPU.Build.0 = Debug|Any CPU
		{642B2150-D618-49C9-9C5C-80D2AF5A24F4}.Debug|ARM.ActiveCfg = Debug|Any CPU
		{642B2150-D618-49C9-9C5C-80D2AF5A24F4}.Debug|ARM.Build.0 = Debug|Any CPU
		{642B2150-D618-49C9-9C5C-80D2AF5A24F4}.Debug|iPhone.ActiveCfg = Debug|Any CPU
		{642B2150-D618-49C9-9C5C-80D2AF5A24F4}.Debug|iPhone.Build.0 = Debug|Any CPU
		{642B2150-D618-49C9-9C5C-80D2AF5A24F4}.Debug|iPhoneSimulator.ActiveCfg = Debug|Any CPU
		{642B2150-D618-49C9-9C5C-80D2AF5A24F4}.Debug|iPhoneSimulator.Build.0 = Debug|Any CPU
		{642B2150-D618-49C9-9C5C-80D2AF5A24F4}.Debug|x64.ActiveCfg = Debug|Any CPU
		{642B2150-D618-49C9-9C5C-80D2AF5A24F4}.Debug|x64.Build.0 = Debug|Any CPU
		{642B2150-D618-49C9-9C5C-80D2AF5A24F4}.Debug|x86.ActiveCfg = Debug|Any CPU
		{642B2150-D618-49C9-9C5C-80D2AF5A24F4}.Debug|x86.Build.0 = Debug|Any CPU
		{642B2150-D618-49C9-9C5C-80D2AF5A24F4}.Release|Any CPU.ActiveCfg = Release|Any CPU
		{642B2150-D618-49C9-9C5C-80D2AF5A24F4}.Release|Any CPU.Build.0 = Release|Any CPU
		{642B2150-D618-49C9-9C5C-80D2AF5A24F4}.Release|ARM.ActiveCfg = Release|Any CPU
		{642B2150-D618-49C9-9C5C-80D2AF5A24F4}.Release|ARM.Build.0 = Release|Any CPU
		{642B2150-D618-49C9-9C5C-80D2AF5A24F4}.Release|iPhone.ActiveCfg = Release|Any CPU
		{642B2150-D618-49C9-9C5C-80D2AF5A24F4}.Release|iPhone.Build.0 = Release|Any CPU
		{642B2150-D618-49C9-9C5C-80D2AF5A24F4}.Release|iPhoneSimulator.ActiveCfg = Release|Any CPU
		{642B2150-D618-49C9-9C5C-80D2AF5A24F4}.Release|iPhoneSimulator.Build.0 = Release|Any CPU
		{642B2150-D618-49C9-9C5C-80D2AF5A24F4}.Release|x64.ActiveCfg = Release|Any CPU
		{642B2150-D618-49C9-9C5C-80D2AF5A24F4}.Release|x64.Build.0 = Release|Any CPU
		{642B2150-D618-49C9-9C5C-80D2AF5A24F4}.Release|x86.ActiveCfg = Release|Any CPU
		{642B2150-D618-49C9-9C5C-80D2AF5A24F4}.Release|x86.Build.0 = Release|Any CPU
		{4EFDD8D1-3378-4366-8E3C-F3C5AED619B7}.Ad-Hoc|Any CPU.ActiveCfg = Release|x86
		{4EFDD8D1-3378-4366-8E3C-F3C5AED619B7}.Ad-Hoc|Any CPU.Build.0 = Release|x86
		{4EFDD8D1-3378-4366-8E3C-F3C5AED619B7}.Ad-Hoc|Any CPU.Deploy.0 = Release|x86
		{4EFDD8D1-3378-4366-8E3C-F3C5AED619B7}.Ad-Hoc|ARM.ActiveCfg = Release|ARM
		{4EFDD8D1-3378-4366-8E3C-F3C5AED619B7}.Ad-Hoc|ARM.Build.0 = Release|ARM
		{4EFDD8D1-3378-4366-8E3C-F3C5AED619B7}.Ad-Hoc|ARM.Deploy.0 = Release|ARM
		{4EFDD8D1-3378-4366-8E3C-F3C5AED619B7}.Ad-Hoc|iPhone.ActiveCfg = Release|x86
		{4EFDD8D1-3378-4366-8E3C-F3C5AED619B7}.Ad-Hoc|iPhone.Build.0 = Release|x86
		{4EFDD8D1-3378-4366-8E3C-F3C5AED619B7}.Ad-Hoc|iPhone.Deploy.0 = Release|x86
		{4EFDD8D1-3378-4366-8E3C-F3C5AED619B7}.Ad-Hoc|iPhoneSimulator.ActiveCfg = Release|x86
		{4EFDD8D1-3378-4366-8E3C-F3C5AED619B7}.Ad-Hoc|iPhoneSimulator.Build.0 = Release|x86
		{4EFDD8D1-3378-4366-8E3C-F3C5AED619B7}.Ad-Hoc|iPhoneSimulator.Deploy.0 = Release|x86
		{4EFDD8D1-3378-4366-8E3C-F3C5AED619B7}.Ad-Hoc|x64.ActiveCfg = Release|x64
		{4EFDD8D1-3378-4366-8E3C-F3C5AED619B7}.Ad-Hoc|x64.Build.0 = Release|x64
		{4EFDD8D1-3378-4366-8E3C-F3C5AED619B7}.Ad-Hoc|x64.Deploy.0 = Release|x64
		{4EFDD8D1-3378-4366-8E3C-F3C5AED619B7}.Ad-Hoc|x86.ActiveCfg = Release|x86
		{4EFDD8D1-3378-4366-8E3C-F3C5AED619B7}.Ad-Hoc|x86.Build.0 = Release|x86
		{4EFDD8D1-3378-4366-8E3C-F3C5AED619B7}.Ad-Hoc|x86.Deploy.0 = Release|x86
		{4EFDD8D1-3378-4366-8E3C-F3C5AED619B7}.AppStore|Any CPU.ActiveCfg = Release|x86
		{4EFDD8D1-3378-4366-8E3C-F3C5AED619B7}.AppStore|Any CPU.Build.0 = Release|x86
		{4EFDD8D1-3378-4366-8E3C-F3C5AED619B7}.AppStore|Any CPU.Deploy.0 = Release|x86
		{4EFDD8D1-3378-4366-8E3C-F3C5AED619B7}.AppStore|ARM.ActiveCfg = Release|ARM
		{4EFDD8D1-3378-4366-8E3C-F3C5AED619B7}.AppStore|ARM.Build.0 = Release|ARM
		{4EFDD8D1-3378-4366-8E3C-F3C5AED619B7}.AppStore|ARM.Deploy.0 = Release|ARM
		{4EFDD8D1-3378-4366-8E3C-F3C5AED619B7}.AppStore|iPhone.ActiveCfg = Release|x86
		{4EFDD8D1-3378-4366-8E3C-F3C5AED619B7}.AppStore|iPhone.Build.0 = Release|x86
		{4EFDD8D1-3378-4366-8E3C-F3C5AED619B7}.AppStore|iPhone.Deploy.0 = Release|x86
		{4EFDD8D1-3378-4366-8E3C-F3C5AED619B7}.AppStore|iPhoneSimulator.ActiveCfg = Release|x86
		{4EFDD8D1-3378-4366-8E3C-F3C5AED619B7}.AppStore|iPhoneSimulator.Build.0 = Release|x86
		{4EFDD8D1-3378-4366-8E3C-F3C5AED619B7}.AppStore|iPhoneSimulator.Deploy.0 = Release|x86
		{4EFDD8D1-3378-4366-8E3C-F3C5AED619B7}.AppStore|x64.ActiveCfg = Release|x64
		{4EFDD8D1-3378-4366-8E3C-F3C5AED619B7}.AppStore|x64.Build.0 = Release|x64
		{4EFDD8D1-3378-4366-8E3C-F3C5AED619B7}.AppStore|x64.Deploy.0 = Release|x64
		{4EFDD8D1-3378-4366-8E3C-F3C5AED619B7}.AppStore|x86.ActiveCfg = Release|x86
		{4EFDD8D1-3378-4366-8E3C-F3C5AED619B7}.AppStore|x86.Build.0 = Release|x86
		{4EFDD8D1-3378-4366-8E3C-F3C5AED619B7}.AppStore|x86.Deploy.0 = Release|x86
		{4EFDD8D1-3378-4366-8E3C-F3C5AED619B7}.Debug|Any CPU.ActiveCfg = Debug|x86
		{4EFDD8D1-3378-4366-8E3C-F3C5AED619B7}.Debug|ARM.ActiveCfg = Debug|ARM
		{4EFDD8D1-3378-4366-8E3C-F3C5AED619B7}.Debug|ARM.Build.0 = Debug|ARM
		{4EFDD8D1-3378-4366-8E3C-F3C5AED619B7}.Debug|ARM.Deploy.0 = Debug|ARM
		{4EFDD8D1-3378-4366-8E3C-F3C5AED619B7}.Debug|iPhone.ActiveCfg = Debug|x86
		{4EFDD8D1-3378-4366-8E3C-F3C5AED619B7}.Debug|iPhoneSimulator.ActiveCfg = Debug|x86
		{4EFDD8D1-3378-4366-8E3C-F3C5AED619B7}.Debug|x64.ActiveCfg = Debug|x64
		{4EFDD8D1-3378-4366-8E3C-F3C5AED619B7}.Debug|x64.Build.0 = Debug|x64
		{4EFDD8D1-3378-4366-8E3C-F3C5AED619B7}.Debug|x64.Deploy.0 = Debug|x64
		{4EFDD8D1-3378-4366-8E3C-F3C5AED619B7}.Debug|x86.ActiveCfg = Debug|x86
		{4EFDD8D1-3378-4366-8E3C-F3C5AED619B7}.Debug|x86.Build.0 = Debug|x86
		{4EFDD8D1-3378-4366-8E3C-F3C5AED619B7}.Debug|x86.Deploy.0 = Debug|x86
		{4EFDD8D1-3378-4366-8E3C-F3C5AED619B7}.Release|Any CPU.ActiveCfg = Release|x86
		{4EFDD8D1-3378-4366-8E3C-F3C5AED619B7}.Release|ARM.ActiveCfg = Release|ARM
		{4EFDD8D1-3378-4366-8E3C-F3C5AED619B7}.Release|ARM.Build.0 = Release|ARM
		{4EFDD8D1-3378-4366-8E3C-F3C5AED619B7}.Release|ARM.Deploy.0 = Release|ARM
		{4EFDD8D1-3378-4366-8E3C-F3C5AED619B7}.Release|iPhone.ActiveCfg = Release|x86
		{4EFDD8D1-3378-4366-8E3C-F3C5AED619B7}.Release|iPhoneSimulator.ActiveCfg = Release|x86
		{4EFDD8D1-3378-4366-8E3C-F3C5AED619B7}.Release|x64.ActiveCfg = Release|x64
		{4EFDD8D1-3378-4366-8E3C-F3C5AED619B7}.Release|x64.Build.0 = Release|x64
		{4EFDD8D1-3378-4366-8E3C-F3C5AED619B7}.Release|x64.Deploy.0 = Release|x64
		{4EFDD8D1-3378-4366-8E3C-F3C5AED619B7}.Release|x86.ActiveCfg = Release|x86
		{4EFDD8D1-3378-4366-8E3C-F3C5AED619B7}.Release|x86.Build.0 = Release|x86
		{4EFDD8D1-3378-4366-8E3C-F3C5AED619B7}.Release|x86.Deploy.0 = Release|x86
		{991EC9D2-1B9E-4088-A7FE-5D9694299C07}.Ad-Hoc|Any CPU.ActiveCfg = Ad-Hoc|iPhone
		{991EC9D2-1B9E-4088-A7FE-5D9694299C07}.Ad-Hoc|ARM.ActiveCfg = Ad-Hoc|iPhone
		{991EC9D2-1B9E-4088-A7FE-5D9694299C07}.Ad-Hoc|iPhone.ActiveCfg = Ad-Hoc|iPhone
		{991EC9D2-1B9E-4088-A7FE-5D9694299C07}.Ad-Hoc|iPhone.Build.0 = Ad-Hoc|iPhone
		{991EC9D2-1B9E-4088-A7FE-5D9694299C07}.Ad-Hoc|iPhoneSimulator.ActiveCfg = Ad-Hoc|iPhoneSimulator
		{991EC9D2-1B9E-4088-A7FE-5D9694299C07}.Ad-Hoc|iPhoneSimulator.Build.0 = Ad-Hoc|iPhoneSimulator
		{991EC9D2-1B9E-4088-A7FE-5D9694299C07}.Ad-Hoc|x64.ActiveCfg = Ad-Hoc|iPhone
		{991EC9D2-1B9E-4088-A7FE-5D9694299C07}.Ad-Hoc|x86.ActiveCfg = Ad-Hoc|iPhone
		{991EC9D2-1B9E-4088-A7FE-5D9694299C07}.AppStore|Any CPU.ActiveCfg = AppStore|iPhone
		{991EC9D2-1B9E-4088-A7FE-5D9694299C07}.AppStore|ARM.ActiveCfg = AppStore|iPhone
		{991EC9D2-1B9E-4088-A7FE-5D9694299C07}.AppStore|iPhone.ActiveCfg = AppStore|iPhone
		{991EC9D2-1B9E-4088-A7FE-5D9694299C07}.AppStore|iPhone.Build.0 = AppStore|iPhone
		{991EC9D2-1B9E-4088-A7FE-5D9694299C07}.AppStore|iPhoneSimulator.ActiveCfg = AppStore|iPhoneSimulator
		{991EC9D2-1B9E-4088-A7FE-5D9694299C07}.AppStore|iPhoneSimulator.Build.0 = AppStore|iPhoneSimulator
		{991EC9D2-1B9E-4088-A7FE-5D9694299C07}.AppStore|x64.ActiveCfg = AppStore|iPhone
		{991EC9D2-1B9E-4088-A7FE-5D9694299C07}.AppStore|x86.ActiveCfg = AppStore|iPhone
		{991EC9D2-1B9E-4088-A7FE-5D9694299C07}.Debug|Any CPU.ActiveCfg = Debug|iPhone
		{991EC9D2-1B9E-4088-A7FE-5D9694299C07}.Debug|ARM.ActiveCfg = Debug|iPhone
		{991EC9D2-1B9E-4088-A7FE-5D9694299C07}.Debug|iPhone.ActiveCfg = Debug|iPhone
		{991EC9D2-1B9E-4088-A7FE-5D9694299C07}.Debug|iPhone.Build.0 = Debug|iPhone
		{991EC9D2-1B9E-4088-A7FE-5D9694299C07}.Debug|iPhoneSimulator.ActiveCfg = Debug|iPhoneSimulator
		{991EC9D2-1B9E-4088-A7FE-5D9694299C07}.Debug|iPhoneSimulator.Build.0 = Debug|iPhoneSimulator
		{991EC9D2-1B9E-4088-A7FE-5D9694299C07}.Debug|x64.ActiveCfg = Debug|iPhone
		{991EC9D2-1B9E-4088-A7FE-5D9694299C07}.Debug|x86.ActiveCfg = Debug|iPhone
		{991EC9D2-1B9E-4088-A7FE-5D9694299C07}.Release|Any CPU.ActiveCfg = Release|iPhone
		{991EC9D2-1B9E-4088-A7FE-5D9694299C07}.Release|ARM.ActiveCfg = Release|iPhone
		{991EC9D2-1B9E-4088-A7FE-5D9694299C07}.Release|iPhone.ActiveCfg = Release|iPhone
		{991EC9D2-1B9E-4088-A7FE-5D9694299C07}.Release|iPhone.Build.0 = Release|iPhone
		{991EC9D2-1B9E-4088-A7FE-5D9694299C07}.Release|iPhoneSimulator.ActiveCfg = Release|iPhoneSimulator
		{991EC9D2-1B9E-4088-A7FE-5D9694299C07}.Release|iPhoneSimulator.Build.0 = Release|iPhoneSimulator
		{991EC9D2-1B9E-4088-A7FE-5D9694299C07}.Release|x64.ActiveCfg = Release|iPhone
		{991EC9D2-1B9E-4088-A7FE-5D9694299C07}.Release|x86.ActiveCfg = Release|iPhone
	EndGlobalSection
	GlobalSection(SolutionProperties) = preSolution
		HideSolutionNode = FALSE
	EndGlobalSection
	GlobalSection(ExtensibilityGlobals) = postSolution
		SolutionGuid = {2888B1FD-6FCB-4B19-89FF-7DA2E431139F}
	EndGlobalSection
EndGlobal
